
Microsoft Visual Studio Solution File, Format Version 12.00
# Visual Studio Version 17
VisualStudioVersion = 17.12.35707.178 d17.12
MinimumVisualStudioVersion = 10.0.40219.1
Project("{FAE04EC0-301F-11D3-BF4B-00C04F79EFBC}") = "WebAPI", "WebAPI.csproj", "{1AE0AA85-C227-4032-A956-E76E0E98A59A}"
EndProject
Project("{FAE04EC0-301F-11D3-BF4B-00C04F79EFBC}") = "Business", "..\Business\Business.csproj", "{0ADC85F8-0E52-4B82-ACFA-F4ACCDC7BC70}"
EndProject
Project("{FAE04EC0-301F-11D3-BF4B-00C04F79EFBC}") = "Repository", "..\Repository\Repository.csproj", "{D571660C-DE4D-478D-8DA4-F90A5E4BF9D4}"
EndProject
Project("{FAE04EC0-301F-11D3-BF4B-00C04F79EFBC}") = "Common", "..\Common\Common.csproj", "{24B8B6EB-340F-41C0-90DF-411CC2AAE455}"
EndProject
Global
	GlobalSection(SolutionConfigurationPlatforms) = preSolution
		Debug|Any CPU = Debug|Any CPU
		Release|Any CPU = Release|Any CPU
	EndGlobalSection
	GlobalSection(ProjectConfigurationPlatforms) = postSolution
		{1AE0AA85-C227-4032-A956-E76E0E98A59A}.Debug|Any CPU.ActiveCfg = Debug|Any CPU
		{1AE0AA85-C227-4032-A956-E76E0E98A59A}.Debug|Any CPU.Build.0 = Debug|Any CPU
		{1AE0AA85-C227-4032-A956-E76E0E98A59A}.Release|Any CPU.ActiveCfg = Release|Any CPU
		{1AE0AA85-C227-4032-A956-E76E0E98A59A}.Release|Any CPU.Build.0 = Release|Any CPU
		{0ADC85F8-0E52-4B82-ACFA-F4ACCDC7BC70}.Debug|Any CPU.ActiveCfg = Debug|Any CPU
		{0ADC85F8-0E52-4B82-ACFA-F4ACCDC7BC70}.Debug|Any CPU.Build.0 = Debug|Any CPU
		{0ADC85F8-0E52-4B82-ACFA-F4ACCDC7BC70}.Release|Any CPU.ActiveCfg = Release|Any CPU
		{0ADC85F8-0E52-4B82-ACFA-F4ACCDC7BC70}.Release|Any CPU.Build.0 = Release|Any CPU
		{D571660C-DE4D-478D-8DA4-F90A5E4BF9D4}.Debug|Any CPU.ActiveCfg = Debug|Any CPU
		{D571660C-DE4D-478D-8DA4-F90A5E4BF9D4}.Debug|Any CPU.Build.0 = Debug|Any CPU
		{D571660C-DE4D-478D-8DA4-F90A5E4BF9D4}.Release|Any CPU.ActiveCfg = Release|Any CPU
		{D571660C-DE4D-478D-8DA4-F90A5E4BF9D4}.Release|Any CPU.Build.0 = Release|Any CPU
		{24B8B6EB-340F-41C0-90DF-411CC2AAE455}.Debug|Any CPU.ActiveCfg = Debug|Any CPU
		{24B8B6EB-340F-41C0-90DF-411CC2AAE455}.Debug|Any CPU.Build.0 = Debug|Any CPU
		{24B8B6EB-340F-41C0-90DF-411CC2AAE455}.Release|Any CPU.ActiveCfg = Release|Any CPU
		{24B8B6EB-340F-41C0-90DF-411CC2AAE455}.Release|Any CPU.Build.0 = Release|Any CPU
	EndGlobalSection
	GlobalSection(SolutionProperties) = preSolution
		HideSolutionNode = FALSE
	EndGlobalSection
EndGlobal
